
Microsoft Visual Studio Solution File, Format Version 12.00
# Visual Studio Version 17
VisualStudioVersion = 17.9.34902.65
MinimumVisualStudioVersion = 10.0.40219.1
Project("{9A19103F-16F7-4668-BE54-9A1E7A4F7556}") = "OmegaAssetStudio.Core", "src\OmegaAssetStudio.csproj", "{5D5B1288-BC51-4EC2-A938-2827F685983A}"
EndProject
Project("{9A19103F-16F7-4668-BE54-9A1E7A4F7556}") = "DDSLib", "DDSLib\DDSLib.csproj", "{63287C47-8658-4401-9C51-D06C2A95AF99}"
EndProject
Project("{9A19103F-16F7-4668-BE54-9A1E7A4F7556}") = "UpkManager", "UpkManager\UpkManager.csproj", "{04C2CFAF-8F1E-4631-88A6-0B9DC017452E}"
EndProject
Project("{FAE04EC0-301F-11D3-BF4B-00C04F79EFBC}") = "SharpGL", "SharpGL\SharpGL\SharpGL.csproj", "{721B83FD-7757-79A9-1A7E-78E99E6A59A6}"
EndProject
Project("{FAE04EC0-301F-11D3-BF4B-00C04F79EFBC}") = "SharpGL.WinForms", "SharpGL\SharpGL.WinForms\SharpGL.WinForms.csproj", "{4AA3BD5D-4E87-0719-46BD-BE9ADEEE0CE5}"
EndProject
Project("{FAE04EC0-301F-11D3-BF4B-00C04F79EFBC}") = "UpkIndexGenerator", "UpkIndexGenerator\UpkIndexGenerator.csproj", "{AF8A57D4-2CA2-D364-9BCE-EBB876581999}"
EndProject
Project("{9A19103F-16F7-4668-BE54-9A1E7A4F7556}") = "OmegaAssetStudio.WinUI", "src.winui\OmegaAssetStudio.WinUI.csproj", "{34E67444-D575-43EB-B4CF-72D84E3387F9}"
EndProject
Global
	GlobalSection(SolutionConfigurationPlatforms) = preSolution
		Debug|ARM64 = Debug|ARM64
		Debug|x64 = Debug|x64
		Release|ARM64 = Release|ARM64
		Release|x64 = Release|x64
	EndGlobalSection
	GlobalSection(ProjectConfigurationPlatforms) = postSolution
		{5D5B1288-BC51-4EC2-A938-2827F685983A}.Debug|ARM64.ActiveCfg = Debug|x64
		{5D5B1288-BC51-4EC2-A938-2827F685983A}.Debug|ARM64.Build.0 = Debug|x64
		{5D5B1288-BC51-4EC2-A938-2827F685983A}.Debug|x64.ActiveCfg = Debug|x64
		{5D5B1288-BC51-4EC2-A938-2827F685983A}.Debug|x64.Build.0 = Debug|x64
		{5D5B1288-BC51-4EC2-A938-2827F685983A}.Release|ARM64.ActiveCfg = Release|x64
		{5D5B1288-BC51-4EC2-A938-2827F685983A}.Release|ARM64.Build.0 = Release|x64
		{5D5B1288-BC51-4EC2-A938-2827F685983A}.Release|x64.ActiveCfg = Release|x64
		{5D5B1288-BC51-4EC2-A938-2827F685983A}.Release|x64.Build.0 = Release|x64
		{63287C47-8658-4401-9C51-D06C2A95AF99}.Debug|ARM64.ActiveCfg = Debug|x64
		{63287C47-8658-4401-9C51-D06C2A95AF99}.Debug|ARM64.Build.0 = Debug|x64
		{63287C47-8658-4401-9C51-D06C2A95AF99}.Debug|x64.ActiveCfg = Debug|x64
		{63287C47-8658-4401-9C51-D06C2A95AF99}.Debug|x64.Build.0 = Debug|x64
		{63287C47-8658-4401-9C51-D06C2A95AF99}.Release|ARM64.ActiveCfg = Release|x64
		{63287C47-8658-4401-9C51-D06C2A95AF99}.Release|ARM64.Build.0 = Release|x64
		{63287C47-8658-4401-9C51-D06C2A95AF99}.Release|x64.ActiveCfg = Release|x64
		{63287C47-8658-4401-9C51-D06C2A95AF99}.Release|x64.Build.0 = Release|x64
		{04C2CFAF-8F1E-4631-88A6-0B9DC017452E}.Debug|ARM64.ActiveCfg = Debug|x64
		{04C2CFAF-8F1E-4631-88A6-0B9DC017452E}.Debug|ARM64.Build.0 = Debug|x64
		{04C2CFAF-8F1E-4631-88A6-0B9DC017452E}.Debug|x64.ActiveCfg = Debug|x64
		{04C2CFAF-8F1E-4631-88A6-0B9DC017452E}.Debug|x64.Build.0 = Debug|x64
		{04C2CFAF-8F1E-4631-88A6-0B9DC017452E}.Release|ARM64.ActiveCfg = Release|x64
		{04C2CFAF-8F1E-4631-88A6-0B9DC017452E}.Release|ARM64.Build.0 = Release|x64
		{04C2CFAF-8F1E-4631-88A6-0B9DC017452E}.Release|x64.ActiveCfg = Release|x64
		{04C2CFAF-8F1E-4631-88A6-0B9DC017452E}.Release|x64.Build.0 = Release|x64
		{721B83FD-7757-79A9-1A7E-78E99E6A59A6}.Debug|ARM64.ActiveCfg = Debug|x64
		{721B83FD-7757-79A9-1A7E-78E99E6A59A6}.Debug|ARM64.Build.0 = Debug|x64
		{721B83FD-7757-79A9-1A7E-78E99E6A59A6}.Debug|x64.ActiveCfg = Debug|x64
		{721B83FD-7757-79A9-1A7E-78E99E6A59A6}.Debug|x64.Build.0 = Debug|x64
		{721B83FD-7757-79A9-1A7E-78E99E6A59A6}.Release|ARM64.ActiveCfg = Release|x64
		{721B83FD-7757-79A9-1A7E-78E99E6A59A6}.Release|ARM64.Build.0 = Release|x64
		{721B83FD-7757-79A9-1A7E-78E99E6A59A6}.Release|x64.ActiveCfg = Release|x64
		{721B83FD-7757-79A9-1A7E-78E99E6A59A6}.Release|x64.Build.0 = Release|x64
		{4AA3BD5D-4E87-0719-46BD-BE9ADEEE0CE5}.Debug|ARM64.ActiveCfg = Debug|x64
		{4AA3BD5D-4E87-0719-46BD-BE9ADEEE0CE5}.Debug|ARM64.Build.0 = Debug|x64
		{4AA3BD5D-4E87-0719-46BD-BE9ADEEE0CE5}.Debug|x64.ActiveCfg = Debug|x64
		{4AA3BD5D-4E87-0719-46BD-BE9ADEEE0CE5}.Debug|x64.Build.0 = Debug|x64
		{4AA3BD5D-4E87-0719-46BD-BE9ADEEE0CE5}.Release|ARM64.ActiveCfg = Release|x64
		{4AA3BD5D-4E87-0719-46BD-BE9ADEEE0CE5}.Release|ARM64.Build.0 = Release|x64
		{4AA3BD5D-4E87-0719-46BD-BE9ADEEE0CE5}.Release|x64.ActiveCfg = Release|x64
		{4AA3BD5D-4E87-0719-46BD-BE9ADEEE0CE5}.Release|x64.Build.0 = Release|x64
		{AF8A57D4-2CA2-D364-9BCE-EBB876581999}.Debug|ARM64.ActiveCfg = Debug|Any CPU
		{AF8A57D4-2CA2-D364-9BCE-EBB876581999}.Debug|x64.ActiveCfg = Debug|Any CPU
		{AF8A57D4-2CA2-D364-9BCE-EBB876581999}.Release|ARM64.ActiveCfg = Release|x64
		{AF8A57D4-2CA2-D364-9BCE-EBB876581999}.Release|x64.ActiveCfg = Release|Any CPU
		{34E67444-D575-43EB-B4CF-72D84E3387F9}.Debug|ARM64.ActiveCfg = Debug|x64
		{34E67444-D575-43EB-B4CF-72D84E3387F9}.Debug|ARM64.Build.0 = Debug|x64
		{34E67444-D575-43EB-B4CF-72D84E3387F9}.Debug|x64.ActiveCfg = Debug|x64
		{34E67444-D575-43EB-B4CF-72D84E3387F9}.Debug|x64.Build.0 = Debug|x64
		{34E67444-D575-43EB-B4CF-72D84E3387F9}.Release|ARM64.ActiveCfg = Release|x64
		{34E67444-D575-43EB-B4CF-72D84E3387F9}.Release|ARM64.Build.0 = Release|x64
		{34E67444-D575-43EB-B4CF-72D84E3387F9}.Release|x64.ActiveCfg = Release|x64
		{34E67444-D575-43EB-B4CF-72D84E3387F9}.Release|x64.Build.0 = Release|x64
	EndGlobalSection
	GlobalSection(SolutionProperties) = preSolution
		HideSolutionNode = FALSE
	EndGlobalSection
	GlobalSection(ExtensibilityGlobals) = postSolution
		SolutionGuid = {A7938040-AFED-44A0-B469-75273063A654}
	EndGlobalSection
EndGlobal
